
Microsoft Visual Studio Solution File, Format Version 12.00
# Visual Studio Version 16
VisualStudioVersion = 16.0.30621.155
MinimumVisualStudioVersion = 10.0.40219.1
Project("{9A19103F-16F7-4668-BE54-9A1E7A4F7556}") = "Covid-19 Tracker", "Covid-19 Tracker\Covid-19 Tracker.csproj", "{EB925A18-3990-4480-B6A6-61C476F894D8}"
EndProject
Global
	GlobalSection(SolutionConfigurationPlatforms) = preSolution
		Debug|Any CPU = Debug|Any CPU
		Release|Any CPU = Release|Any CPU
	EndGlobalSection
	GlobalSection(ProjectConfigurationPlatforms) = postSolution
		{EB925A18-3990-4480-B6A6-61C476F894D8}.Debug|Any CPU.ActiveCfg = Debug|Any CPU
		{EB925A18-3990-4480-B6A6-61C476F894D8}.Debug|Any CPU.Build.0 = Debug|Any CPU
		{EB925A18-3990-4480-B6A6-61C476F894D8}.Release|Any CPU.ActiveCfg = Release|Any CPU
		{EB925A18-3990-4480-B6A6-61C476F894D8}.Release|Any CPU.Build.0 = Release|Any CPU
	EndGlobalSection
	GlobalSection(SolutionProperties) = preSolution
		HideSolutionNode = FALSE
	EndGlobalSection
	GlobalSection(ExtensibilityGlobals) = postSolution
		SolutionGuid = {C6D3031C-B6C3-4F5C-9614-53EF356945A5}
	EndGlobalSection
EndGlobal
